
Microsoft Visual Studio Solution File, Format Version 12.00
# Visual Studio Version 17
VisualStudioVersion = 17.10.35013.160
MinimumVisualStudioVersion = 10.0.40219.1
Project("{FAE04EC0-301F-11D3-BF4B-00C04F79EFBC}") = "Digital_Signature", "Digital_Signature\Digital_Signature.csproj", "{4C79F0B7-1B2B-4A1D-9A3E-C3FD2DBC22DB}"
EndProject
Global
	GlobalSection(SolutionConfigurationPlatforms) = preSolution
		Debug|Any CPU = Debug|Any CPU
		Release|Any CPU = Release|Any CPU
	EndGlobalSection
	GlobalSection(ProjectConfigurationPlatforms) = postSolution
		{4C79F0B7-1B2B-4A1D-9A3E-C3FD2DBC22DB}.Debug|Any CPU.ActiveCfg = Debug|Any CPU
		{4C79F0B7-1B2B-4A1D-9A3E-C3FD2DBC22DB}.Debug|Any CPU.Build.0 = Debug|Any CPU
		{4C79F0B7-1B2B-4A1D-9A3E-C3FD2DBC22DB}.Release|Any CPU.ActiveCfg = Release|Any CPU
		{4C79F0B7-1B2B-4A1D-9A3E-C3FD2DBC22DB}.Release|Any CPU.Build.0 = Release|Any CPU
	EndGlobalSection
	GlobalSection(SolutionProperties) = preSolution
		HideSolutionNode = FALSE
	EndGlobalSection
	GlobalSection(ExtensibilityGlobals) = postSolution
		SolutionGuid = {2438D698-D806-4079-A7C8-8A47D8F4B382}
	EndGlobalSection
EndGlobal
